
Microsoft Visual Studio Solution File, Format Version 12.00
# Visual Studio Version 17
VisualStudioVersion = 17.13.35818.85 d17.13
MinimumVisualStudioVersion = 10.0.40219.1
Project("{FAE04EC0-301F-11D3-BF4B-00C04F79EFBC}") = "DBSuper", "DBSuper.csproj", "{FFE130F4-D114-4E8F-93AD-7907306DA8CC}"
EndProject
Global
	GlobalSection(SolutionConfigurationPlatforms) = preSolution
		Debug|Any CPU = Debug|Any CPU
		Release|Any CPU = Release|Any CPU
	EndGlobalSection
	GlobalSection(ProjectConfigurationPlatforms) = postSolution
		{FFE130F4-D114-4E8F-93AD-7907306DA8CC}.Debug|Any CPU.ActiveCfg = Debug|Any CPU
		{FFE130F4-D114-4E8F-93AD-7907306DA8CC}.Debug|Any CPU.Build.0 = Debug|Any CPU
		{FFE130F4-D114-4E8F-93AD-7907306DA8CC}.Release|Any CPU.ActiveCfg = Release|Any CPU
		{FFE130F4-D114-4E8F-93AD-7907306DA8CC}.Release|Any CPU.Build.0 = Release|Any CPU
	EndGlobalSection
	GlobalSection(SolutionProperties) = preSolution
		HideSolutionNode = FALSE
	EndGlobalSection
	GlobalSection(ExtensibilityGlobals) = postSolution
		SolutionGuid = {FA8321C2-55C5-4177-99AE-5743CAA15111}
	EndGlobalSection
EndGlobal
